// !$*UTF8*$!
{
	archiveVersion = 1;
	classes = {
	};
	objectVersion = 56;
	objects = {

/* Begin PBXBuildFile section */
		E474747D290D8C4B006E4448 /* TestApp.swift in Sources */ = {isa = PBXBuildFile; fileRef = E474747C290D8C4B006E4448 /* TestApp.swift */; };
		E474747F290D8C4B006E4448 /* ContentView.swift in Sources */ = {isa = PBXBuildFile; fileRef = E474747E290D8C4B006E4448 /* ContentView.swift */; };
		E4747481290D8C4C006E4448 /* Assets.xcassets in Resources */ = {isa = PBXBuildFile; fileRef = E4747480290D8C4C006E4448 /* Assets.xcassets */; };
		E4747484290D8C4C006E4448 /* Preview Assets.xcassets in Resources */ = {isa = PBXBuildFile; fileRef = E4747483290D8C4C006E4448 /* Preview Assets.xcassets */; };
		E474748E290D8C4C006E4448 /* TestTests.swift in Sources */ = {isa = PBXBuildFile; fileRef = E474748D290D8C4C006E4448 /* TestTests.swift */; };
		E4747498290D8C4C006E4448 /* TestUITests.swift in Sources */ = {isa = PBXBuildFile; fileRef = E4747497290D8C4C006E4448 /* TestUITests.swift */; };
		E474749A290D8C4C006E4448 /* TestUITestsLaunchTests.swift in Sources */ = {isa = PBXBuildFile; fileRef = E4747499290D8C4C006E4448 /* TestUITestsLaunchTests.swift */; };
		E47474A8290D8EA7006E4448 /* SQLite in Frameworks */ = {isa = PBXBuildFile; productRef = E47474A7290D8EA7006E4448 /* SQLite */; };
		E47474AC290DAFBC006E4448 /* DBconnector.swift in Sources */ = {isa = PBXBuildFile; fileRef = E47474AB290DAFBC006E4448 /* DBconnector.swift */; };
/* End PBXBuildFile section */

/* Begin PBXContainerItemProxy section */
		E474748A290D8C4C006E4448 /* PBXContainerItemProxy */ = {
			isa = PBXContainerItemProxy;
			containerPortal = E4747471290D8C4B006E4448 /* Project object */;
			proxyType = 1;
			remoteGlobalIDString = E4747478290D8C4B006E4448;
			remoteInfo = Test;
		};
		E4747494290D8C4C006E4448 /* PBXContainerItemProxy */ = {
			isa = PBXContainerItemProxy;
			containerPortal = E4747471290D8C4B006E4448 /* Project object */;
			proxyType = 1;
			remoteGlobalIDString = E4747478290D8C4B006E4448;
			remoteInfo = Test;
		};
/* End PBXContainerItemProxy section */

/* Begin PBXFileReference section */
		E4747479290D8C4B006E4448 /* Test.app */ = {isa = PBXFileReference; explicitFileType = wrapper.application; includeInIndex = 0; path = Test.app; sourceTree = BUILT_PRODUCTS_DIR; };
		E474747C290D8C4B006E4448 /* TestApp.swift */ = {isa = PBXFileReference; lastKnownFileType = sourcecode.swift; path = TestApp.swift; sourceTree = "<group>"; };
		E474747E290D8C4B006E4448 /* ContentView.swift */ = {isa = PBXFileReference; lastKnownFileType = sourcecode.swift; path = ContentView.swift; sourceTree = "<group>"; };
		E4747480290D8C4C006E4448 /* Assets.xcassets */ = {isa = PBXFileReference; lastKnownFileType = folder.assetcatalog; path = Assets.xcassets; sourceTree = "<group>"; };
		E4747483290D8C4C006E4448 /* Preview Assets.xcassets */ = {isa = PBXFileReference; lastKnownFileType = folder.assetcatalog; path = "Preview Assets.xcassets"; sourceTree = "<group>"; };
		E4747489290D8C4C006E4448 /* TestTests.xctest */ = {isa = PBXFileReference; explicitFileType = wrapper.cfbundle; includeInIndex = 0; path = TestTests.xctest; sourceTree = BUILT_PRODUCTS_DIR; };
		E474748D290D8C4C006E4448 /* TestTests.swift */ = {isa = PBXFileReference; lastKnownFileType = sourcecode.swift; path = TestTests.swift; sourceTree = "<group>"; };
		E4747493290D8C4C006E4448 /* TestUITests.xctest */ = {isa = PBXFileReference; explicitFileType = wrapper.cfbundle; includeInIndex = 0; path = TestUITests.xctest; sourceTree = BUILT_PRODUCTS_DIR; };
		E4747497290D8C4C006E4448 /* TestUITests.swift */ = {isa = PBXFileReference; lastKnownFileType = sourcecode.swift; path = TestUITests.swift; sourceTree = "<group>"; };
		E4747499290D8C4C006E4448 /* TestUITestsLaunchTests.swift */ = {isa = PBXFileReference; lastKnownFileType = sourcecode.swift; path = TestUITestsLaunchTests.swift; sourceTree = "<group>"; };
		E47474A9290DAF35006E4448 /* mydb.db */ = {isa = PBXFileReference; lastKnownFileType = file; path = mydb.db; sourceTree = "<group>"; };
		E47474AB290DAFBC006E4448 /* DBconnector.swift */ = {isa = PBXFileReference; lastKnownFileType = sourcecode.swift; path = DBconnector.swift; sourceTree = "<group>"; };
/* End PBXFileReference section */

/* Begin PBXFrameworksBuildPhase section */
		E4747476290D8C4B006E4448 /* Frameworks */ = {
			isa = PBXFrameworksBuildPhase;
			buildActionMask = 2147483647;
			files = (
				E47474A8290D8EA7006E4448 /* SQLite in Frameworks */,
			);
			runOnlyForDeploymentPostprocessing = 0;
		};
		E4747486290D8C4C006E4448 /* Frameworks */ = {
			isa = PBXFrameworksBuildPhase;
			buildActionMask = 2147483647;
			files = (
			);
			runOnlyForDeploymentPostprocessing = 0;
		};
		E4747490290D8C4C006E4448 /* Frameworks */ = {
			isa = PBXFrameworksBuildPhase;
			buildActionMask = 2147483647;
			files = (
			);
			runOnlyForDeploymentPostprocessing = 0;
		};
/* End PBXFrameworksBuildPhase section */

/* Begin PBXGroup section */
		E4747470290D8C4B006E4448 = {
			isa = PBXGroup;
			children = (
				E474747B290D8C4B006E4448 /* Test */,
				E474748C290D8C4C006E4448 /* TestTests */,
				E4747496290D8C4C006E4448 /* TestUITests */,
				E474747A290D8C4B006E4448 /* Products */,
			);
			sourceTree = "<group>";
		};
		E474747A290D8C4B006E4448 /* Products */ = {
			isa = PBXGroup;
			children = (
				E4747479290D8C4B006E4448 /* Test.app */,
				E4747489290D8C4C006E4448 /* TestTests.xctest */,
				E4747493290D8C4C006E4448 /* TestUITests.xctest */,
			);
			name = Products;
			sourceTree = "<group>";
		};
		E474747B290D8C4B006E4448 /* Test */ = {
			isa = PBXGroup;
			children = (
				E47474AA290DAFA0006E4448 /* Database */,
				E474747C290D8C4B006E4448 /* TestApp.swift */,
				E474747E290D8C4B006E4448 /* ContentView.swift */,
				E4747480290D8C4C006E4448 /* Assets.xcassets */,
				E4747482290D8C4C006E4448 /* Preview Content */,
			);
			path = Test;
			sourceTree = "<group>";
		};
		E4747482290D8C4C006E4448 /* Preview Content */ = {
			isa = PBXGroup;
			children = (
				E4747483290D8C4C006E4448 /* Preview Assets.xcassets */,
			);
			path = "Preview Content";
			sourceTree = "<group>";
		};
		E474748C290D8C4C006E4448 /* TestTests */ = {
			isa = PBXGroup;
			children = (
				E474748D290D8C4C006E4448 /* TestTests.swift */,
			);
			path = TestTests;
			sourceTree = "<group>";
		};
		E4747496290D8C4C006E4448 /* TestUITests */ = {
			isa = PBXGroup;
			children = (
				E4747497290D8C4C006E4448 /* TestUITests.swift */,
				E4747499290D8C4C006E4448 /* TestUITestsLaunchTests.swift */,
			);
			path = TestUITests;
			sourceTree = "<group>";
		};
		E47474AA290DAFA0006E4448 /* Database */ = {
			isa = PBXGroup;
			children = (
				E47474AB290DAFBC006E4448 /* DBconnector.swift */,
				E47474A9290DAF35006E4448 /* mydb.db */,
			);
			path = Database;
			sourceTree = "<group>";
		};
/* End PBXGroup section */

/* Begin PBXNativeTarget section */
		E4747478290D8C4B006E4448 /* Test */ = {
			isa = PBXNativeTarget;
			buildConfigurationList = E474749D290D8C4C006E4448 /* Build configuration list for PBXNativeTarget "Test" */;
			buildPhases = (
				E4747475290D8C4B006E4448 /* Sources */,
				E4747476290D8C4B006E4448 /* Frameworks */,
				E4747477290D8C4B006E4448 /* Resources */,
			);
			buildRules = (
			);
			dependencies = (
			);
			name = Test;
			packageProductDependencies = (
				E47474A7290D8EA7006E4448 /* SQLite */,
			);
			productName = Test;
			productReference = E4747479290D8C4B006E4448 /* Test.app */;
			productType = "com.apple.product-type.application";
		};
		E4747488290D8C4C006E4448 /* TestTests */ = {
			isa = PBXNativeTarget;
			buildConfigurationList = E47474A0290D8C4C006E4448 /* Build configuration list for PBXNativeTarget "TestTests" */;
			buildPhases = (
				E4747485290D8C4C006E4448 /* Sources */,
				E4747486290D8C4C006E4448 /* Frameworks */,
				E4747487290D8C4C006E4448 /* Resources */,
			);
			buildRules = (
			);
			dependencies = (
				E474748B290D8C4C006E4448 /* PBXTargetDependency */,
			);
			name = TestTests;
			productName = TestTests;
			productReference = E4747489290D8C4C006E4448 /* TestTests.xctest */;
			productType = "com.apple.product-type.bundle.unit-test";
		};
		E4747492290D8C4C006E4448 /* TestUITests */ = {
			isa = PBXNativeTarget;
			buildConfigurationList = E47474A3290D8C4C006E4448 /* Build configuration list for PBXNativeTarget "TestUITests" */;
			buildPhases = (
				E474748F290D8C4C006E4448 /* Sources */,
				E4747490290D8C4C006E4448 /* Frameworks */,
				E4747491290D8C4C006E4448 /* Resources */,
			);
			buildRules = (
			);
			dependencies = (
				E4747495290D8C4C006E4448 /* PBXTargetDependency */,
			);
			name = TestUITests;
			productName = TestUITests;
			productReference = E4747493290D8C4C006E4448 /* TestUITests.xctest */;
			productType = "com.apple.product-type.bundle.ui-testing";
		};
/* End PBXNativeTarget section */

/* Begin PBXProject section */
		E4747471290D8C4B006E4448 /* Project object */ = {
			isa = PBXProject;
			attributes = {
				BuildIndependentTargetsInParallel = 1;
				LastSwiftUpdateCheck = 1400;
				LastUpgradeCheck = 1400;
				TargetAttributes = {
					E4747478290D8C4B006E4448 = {
						CreatedOnToolsVersion = 14.0.1;
					};
					E4747488290D8C4C006E4448 = {
						CreatedOnToolsVersion = 14.0.1;
						TestTargetID = E4747478290D8C4B006E4448;
					};
					E4747492290D8C4C006E4448 = {
						CreatedOnToolsVersion = 14.0.1;
						TestTargetID = E4747478290D8C4B006E4448;
					};
				};
			};
			buildConfigurationList = E4747474290D8C4B006E4448 /* Build configuration list for PBXProject "Test" */;
			compatibilityVersion = "Xcode 14.0";
			developmentRegion = en;
			hasScannedForEncodings = 0;
			knownRegions = (
				en,
				Base,
			);
			mainGroup = E4747470290D8C4B006E4448;
			packageReferences = (
				E47474A6290D8EA7006E4448 /* XCRemoteSwiftPackageReference "SQLite" */,
			);
			productRefGroup = E474747A290D8C4B006E4448 /* Products */;
			projectDirPath = "";
			projectRoot = "";
			targets = (
				E4747478290D8C4B006E4448 /* Test */,
				E4747488290D8C4C006E4448 /* TestTests */,
				E4747492290D8C4C006E4448 /* TestUITests */,
			);
		};
/* End PBXProject section */

/* Begin PBXResourcesBuildPhase section */
		E4747477290D8C4B006E4448 /* Resources */ = {
			isa = PBXResourcesBuildPhase;
			buildActionMask = 2147483647;
			files = (
				E4747484290D8C4C006E4448 /* Preview Assets.xcassets in Resources */,
				E4747481290D8C4C006E4448 /* Assets.xcassets in Resources */,
			);
			runOnlyForDeploymentPostprocessing = 0;
		};
		E4747487290D8C4C006E4448 /* Resources */ = {
			isa = PBXResourcesBuildPhase;
			buildActionMask = 2147483647;
			files = (
			);
			runOnlyForDeploymentPostprocessing = 0;
		};
		E4747491290D8C4C006E4448 /* Resources */ = {
			isa = PBXResourcesBuildPhase;
			buildActionMask = 2147483647;
			files = (
			);
			runOnlyForDeploymentPostprocessing = 0;
		};
/* End PBXResourcesBuildPhase section */

/* Begin PBXSourcesBuildPhase section */
		E4747475290D8C4B006E4448 /* Sources */ = {
			isa = PBXSourcesBuildPhase;
			buildActionMask = 2147483647;
			files = (
				E474747F290D8C4B006E4448 /* ContentView.swift in Sources */,
				E47474AC290DAFBC006E4448 /* DBconnector.swift in Sources */,
				E474747D290D8C4B006E4448 /* TestApp.swift in Sources */,
			);
			runOnlyForDeploymentPostprocessing = 0;
		};
		E4747485290D8C4C006E4448 /* Sources */ = {
			isa = PBXSourcesBuildPhase;
			buildActionMask = 2147483647;
			files = (
				E474748E290D8C4C006E4448 /* TestTests.swift in Sources */,
			);
			runOnlyForDeploymentPostprocessing = 0;
		};
		E474748F290D8C4C006E4448 /* Sources */ = {
			isa = PBXSourcesBuildPhase;
			buildActionMask = 2147483647;
			files = (
				E474749A290D8C4C006E4448 /* TestUITestsLaunchTests.swift in Sources */,
				E4747498290D8C4C006E4448 /* TestUITests.swift in Sources */,
			);
			runOnlyForDeploymentPostprocessing = 0;
		};
/* End PBXSourcesBuildPhase section */

/* Begin PBXTargetDependency section */
		E474748B290D8C4C006E4448 /* PBXTargetDependency */ = {
			isa = PBXTargetDependency;
			target = E4747478290D8C4B006E4448 /* Test */;
			targetProxy = E474748A290D8C4C006E4448 /* PBXContainerItemProxy */;
		};
		E4747495290D8C4C006E4448 /* PBXTargetDependency */ = {
			isa = PBXTargetDependency;
			target = E4747478290D8C4B006E4448 /* Test */;
			targetProxy = E4747494290D8C4C006E4448 /* PBXContainerItemProxy */;
		};
/* End PBXTargetDependency section */

/* Begin XCBuildConfiguration section */
		E474749B290D8C4C006E4448 /* Debug */ = {
			isa = XCBuildConfiguration;
			buildSettings = {
				ALWAYS_SEARCH_USER_PATHS = NO;
				CLANG_ANALYZER_NONNULL = YES;
				CLANG_ANALYZER_NUMBER_OBJECT_CONVERSION = YES_AGGRESSIVE;
				CLANG_CXX_LANGUAGE_STANDARD = "gnu++20";
				CLANG_ENABLE_MODULES = YES;
				CLANG_ENABLE_OBJC_ARC = YES;
				CLANG_ENABLE_OBJC_WEAK = YES;
				CLANG_WARN_BLOCK_CAPTURE_AUTORELEASING = YES;
				CLANG_WARN_BOOL_CONVERSION = YES;
				CLANG_WARN_COMMA = YES;
				CLANG_WARN_CONSTANT_CONVERSION = YES;
				CLANG_WARN_DEPRECATED_OBJC_IMPLEMENTATIONS = YES;
				CLANG_WARN_DIRECT_OBJC_ISA_USAGE = YES_ERROR;
				CLANG_WARN_DOCUMENTATION_COMMENTS = YES;
				CLANG_WARN_EMPTY_BODY = YES;
				CLANG_WARN_ENUM_CONVERSION = YES;
				CLANG_WARN_INFINITE_RECURSION = YES;
				CLANG_WARN_INT_CONVERSION = YES;
				CLANG_WARN_NON_LITERAL_NULL_CONVERSION = YES;
				CLANG_WARN_OBJC_IMPLICIT_RETAIN_SELF = YES;
				CLANG_WARN_OBJC_LITERAL_CONVERSION = YES;
				CLANG_WARN_OBJC_ROOT_CLASS = YES_ERROR;
				CLANG_WARN_QUOTED_INCLUDE_IN_FRAMEWORK_HEADER = YES;
				CLANG_WARN_RANGE_LOOP_ANALYSIS = YES;
				CLANG_WARN_STRICT_PROTOTYPES = YES;
				CLANG_WARN_SUSPICIOUS_MOVE = YES;
				CLANG_WARN_UNGUARDED_AVAILABILITY = YES_AGGRESSIVE;
				CLANG_WARN_UNREACHABLE_CODE = YES;
				CLANG_WARN__DUPLICATE_METHOD_MATCH = YES;
				COPY_PHASE_STRIP = NO;
				DEBUG_INFORMATION_FORMAT = dwarf;
				ENABLE_STRICT_OBJC_MSGSEND = YES;
				ENABLE_TESTABILITY = YES;
				GCC_C_LANGUAGE_STANDARD = gnu11;
				GCC_DYNAMIC_NO_PIC = NO;
				GCC_NO_COMMON_BLOCKS = YES;
				GCC_OPTIMIZATION_LEVEL = 0;
				GCC_PREPROCESSOR_DEFINITIONS = (
					"DEBUG=1",
					"$(inherited)",
				);
				GCC_WARN_64_TO_32_BIT_CONVERSION = YES;
				GCC_WARN_ABOUT_RETURN_TYPE = YES_ERROR;
				GCC_WARN_UNDECLARED_SELECTOR = YES;
				GCC_WARN_UNINITIALIZED_AUTOS = YES_AGGRESSIVE;
				GCC_WARN_UNUSED_FUNCTION = YES;
				GCC_WARN_UNUSED_VARIABLE = YES;
				IPHONEOS_DEPLOYMENT_TARGET = 16.0;
				MTL_ENABLE_DEBUG_INFO = INCLUDE_SOURCE;
				MTL_FAST_MATH = YES;
				ONLY_ACTIVE_ARCH = YES;
				SDKROOT = iphoneos;
				SWIFT_ACTIVE_COMPILATION_CONDITIONS = DEBUG;
				SWIFT_OPTIMIZATION_LEVEL = "-Onone";
			};
			name = Debug;
		};
		E474749C290D8C4C006E4448 /* Release */ = {
			isa = XCBuildConfiguration;
			buildSettings = {
				ALWAYS_SEARCH_USER_PATHS = NO;
				CLANG_ANALYZER_NONNULL = YES;
				CLANG_ANALYZER_NUMBER_OBJECT_CONVERSION = YES_AGGRESSIVE;
				CLANG_CXX_LANGUAGE_STANDARD = "gnu++20";
				CLANG_ENABLE_MODULES = YES;
				CLANG_ENABLE_OBJC_ARC = YES;
				CLANG_ENABLE_OBJC_WEAK = YES;
				CLANG_WARN_BLOCK_CAPTURE_AUTORELEASING = YES;
				CLANG_WARN_BOOL_CONVERSION = YES;
				CLANG_WARN_COMMA = YES;
				CLANG_WARN_CONSTANT_CONVERSION = YES;
				CLANG_WARN_DEPRECATED_OBJC_IMPLEMENTATIONS = YES;
				CLANG_WARN_DIRECT_OBJC_ISA_USAGE = YES_ERROR;
				CLANG_WARN_DOCUMENTATION_COMMENTS = YES;
				CLANG_WARN_EMPTY_BODY = YES;
				CLANG_WARN_ENUM_CONVERSION = YES;
				CLANG_WARN_INFINITE_RECURSION = YES;
				CLANG_WARN_INT_CONVERSION = YES;
				CLANG_WARN_NON_LITERAL_NULL_CONVERSION = YES;
				CLANG_WARN_OBJC_IMPLICIT_RETAIN_SELF = YES;
				CLANG_WARN_OBJC_LITERAL_CONVERSION = YES;
				CLANG_WARN_OBJC_ROOT_CLASS = YES_ERROR;
				CLANG_WARN_QUOTED_INCLUDE_IN_FRAMEWORK_HEADER = YES;
				CLANG_WARN_RANGE_LOOP_ANALYSIS = YES;
				CLANG_WARN_STRICT_PROTOTYPES = YES;
				CLANG_WARN_SUSPICIOUS_MOVE = YES;
				CLANG_WARN_UNGUARDED_AVAILABILITY = YES_AGGRESSIVE;
				CLANG_WARN_UNREACHABLE_CODE = YES;
				CLANG_WARN__DUPLICATE_METHOD_MATCH = YES;
				COPY_PHASE_STRIP = NO;
				DEBUG_INFORMATION_FORMAT = "dwarf-with-dsym";
				ENABLE_NS_ASSERTIONS = NO;
				ENABLE_STRICT_OBJC_MSGSEND = YES;
				GCC_C_LANGUAGE_STANDARD = gnu11;
				GCC_NO_COMMON_BLOCKS = YES;
				GCC_WARN_64_TO_32_BIT_CONVERSION = YES;
				GCC_WARN_ABOUT_RETURN_TYPE = YES_ERROR;
				GCC_WARN_UNDECLARED_SELECTOR = YES;
				GCC_WARN_UNINITIALIZED_AUTOS = YES_AGGRESSIVE;
				GCC_WARN_UNUSED_FUNCTION = YES;
				GCC_WARN_UNUSED_VARIABLE = YES;
				IPHONEOS_DEPLOYMENT_TARGET = 16.0;
				MTL_ENABLE_DEBUG_INFO = NO;
				MTL_FAST_MATH = YES;
				SDKROOT = iphoneos;
				SWIFT_COMPILATION_MODE = wholemodule;
				SWIFT_OPTIMIZATION_LEVEL = "-O";
				VALIDATE_PRODUCT = YES;
			};
			name = Release;
		};
		E474749E290D8C4C006E4448 /* Debug */ = {
			isa = XCBuildConfiguration;
			buildSettings = {
				ASSETCATALOG_COMPILER_APPICON_NAME = AppIcon;
				ASSETCATALOG_COMPILER_GLOBAL_ACCENT_COLOR_NAME = AccentColor;
				CODE_SIGN_STYLE = Automatic;
				CURRENT_PROJECT_VERSION = 1;
				DEVELOPMENT_ASSET_PATHS = "\"Test/Preview Content\"";
				ENABLE_PREVIEWS = YES;
				GENERATE_INFOPLIST_FILE = YES;
				INFOPLIST_KEY_UIApplicationSceneManifest_Generation = YES;
				INFOPLIST_KEY_UIApplicationSupportsIndirectInputEvents = YES;
				INFOPLIST_KEY_UILaunchScreen_Generation = YES;
				INFOPLIST_KEY_UISupportedInterfaceOrientations_iPad = "UIInterfaceOrientationPortrait UIInterfaceOrientationPortraitUpsideDown UIInterfaceOrientationLandscapeLeft UIInterfaceOrientationLandscapeRight";
				INFOPLIST_KEY_UISupportedInterfaceOrientations_iPhone = "UIInterfaceOrientationPortrait UIInterfaceOrientationLandscapeLeft UIInterfaceOrientationLandscapeRight";
				LD_RUNPATH_SEARCH_PATHS = (
					"$(inherited)",
					"@executable_path/Frameworks",
				);
				MARKETING_VERSION = 1.0;
				PRODUCT_BUNDLE_IDENTIFIER = foi.hr.Test;
				PRODUCT_NAME = "$(TARGET_NAME)";
				SWIFT_EMIT_LOC_STRINGS = YES;
				SWIFT_VERSION = 5.0;
				TARGETED_DEVICE_FAMILY = "1,2";
			};
			name = Debug;
		};
		E474749F290D8C4C006E4448 /* Release */ = {
			isa = XCBuildConfiguration;
			buildSettings = {
				ASSETCATALOG_COMPILER_APPICON_NAME = AppIcon;
				ASSETCATALOG_COMPILER_GLOBAL_ACCENT_COLOR_NAME = AccentColor;
				CODE_SIGN_STYLE = Automatic;
				CURRENT_PROJECT_VERSION = 1;
				DEVELOPMENT_ASSET_PATHS = "\"Test/Preview Content\"";
				ENABLE_PREVIEWS = YES;
				GENERATE_INFOPLIST_FILE = YES;
				INFOPLIST_KEY_UIApplicationSceneManifest_Generation = YES;
				INFOPLIST_KEY_UIApplicationSupportsIndirectInputEvents = YES;
				INFOPLIST_KEY_UILaunchScreen_Generation = YES;
				INFOPLIST_KEY_UISupportedInterfaceOrientations_iPad = "UIInterfaceOrientationPortrait UIInterfaceOrientationPortraitUpsideDown UIInterfaceOrientationLandscapeLeft UIInterfaceOrientationLandscapeRight";
				INFOPLIST_KEY_UISupportedInterfaceOrientations_iPhone = "UIInterfaceOrientationPortrait UIInterfaceOrientationLandscapeLeft UIInterfaceOrientationLandscapeRight";
				LD_RUNPATH_SEARCH_PATHS = (
					"$(inherited)",
					"@executable_path/Frameworks",
				);
				MARKETING_VERSION = 1.0;
				PRODUCT_BUNDLE_IDENTIFIER = foi.hr.Test;
				PRODUCT_NAME = "$(TARGET_NAME)";
				SWIFT_EMIT_LOC_STRINGS = YES;
				SWIFT_VERSION = 5.0;
				TARGETED_DEVICE_FAMILY = "1,2";
			};
			name = Release;
		};
		E47474A1290D8C4C006E4448 /* Debug */ = {
			isa = XCBuildConfiguration;
			buildSettings = {
				ALWAYS_EMBED_SWIFT_STANDARD_LIBRARIES = YES;
				BUNDLE_LOADER = "$(TEST_HOST)";
				CODE_SIGN_STYLE = Automatic;
				CURRENT_PROJECT_VERSION = 1;
				GENERATE_INFOPLIST_FILE = YES;
				IPHONEOS_DEPLOYMENT_TARGET = 16.0;
				MARKETING_VERSION = 1.0;
				PRODUCT_BUNDLE_IDENTIFIER = foi.hr.TestTests;
				PRODUCT_NAME = "$(TARGET_NAME)";
				SWIFT_EMIT_LOC_STRINGS = NO;
				SWIFT_VERSION = 5.0;
				TARGETED_DEVICE_FAMILY = "1,2";
				TEST_HOST = "$(BUILT_PRODUCTS_DIR)/Test.app/$(BUNDLE_EXECUTABLE_FOLDER_PATH)/Test";
			};
			name = Debug;
		};
		E47474A2290D8C4C006E4448 /* Release */ = {
			isa = XCBuildConfiguration;
			buildSettings = {
				ALWAYS_EMBED_SWIFT_STANDARD_LIBRARIES = YES;
				BUNDLE_LOADER = "$(TEST_HOST)";
				CODE_SIGN_STYLE = Automatic;
				CURRENT_PROJECT_VERSION = 1;
				GENERATE_INFOPLIST_FILE = YES;
				IPHONEOS_DEPLOYMENT_TARGET = 16.0;
				MARKETING_VERSION = 1.0;
				PRODUCT_BUNDLE_IDENTIFIER = foi.hr.TestTests;
				PRODUCT_NAME = "$(TARGET_NAME)";
				SWIFT_EMIT_LOC_STRINGS = NO;
				SWIFT_VERSION = 5.0;
				TARGETED_DEVICE_FAMILY = "1,2";
				TEST_HOST = "$(BUILT_PRODUCTS_DIR)/Test.app/$(BUNDLE_EXECUTABLE_FOLDER_PATH)/Test";
			};
			name = Release;
		};
		E47474A4290D8C4C006E4448 /* Debug */ = {
			isa = XCBuildConfiguration;
			buildSettings = {
				ALWAYS_EMBED_SWIFT_STANDARD_LIBRARIES = YES;
				CODE_SIGN_STYLE = Automatic;
				CURRENT_PROJECT_VERSION = 1;
				GENERATE_INFOPLIST_FILE = YES;
				MARKETING_VERSION = 1.0;
				PRODUCT_BUNDLE_IDENTIFIER = foi.hr.TestUITests;
				PRODUCT_NAME = "$(TARGET_NAME)";
				SWIFT_EMIT_LOC_STRINGS = NO;
				SWIFT_VERSION = 5.0;
				TARGETED_DEVICE_FAMILY = "1,2";
				TEST_TARGET_NAME = Test;
			};
			name = Debug;
		};
		E47474A5290D8C4C006E4448 /* Release */ = {
			isa = XCBuildConfiguration;
			buildSettings = {
				ALWAYS_EMBED_SWIFT_STANDARD_LIBRARIES = YES;
				CODE_SIGN_STYLE = Automatic;
				CURRENT_PROJECT_VERSION = 1;
				GENERATE_INFOPLIST_FILE = YES;
				MARKETING_VERSION = 1.0;
				PRODUCT_BUNDLE_IDENTIFIER = foi.hr.TestUITests;
				PRODUCT_NAME = "$(TARGET_NAME)";
				SWIFT_EMIT_LOC_STRINGS = NO;
				SWIFT_VERSION = 5.0;
				TARGETED_DEVICE_FAMILY = "1,2";
				TEST_TARGET_NAME = Test;
			};
			name = Release;
		};
/* End XCBuildConfiguration section */

/* Begin XCConfigurationList section */
		E4747474290D8C4B006E4448 /* Build configuration list for PBXProject "Test" */ = {
			isa = XCConfigurationList;
			buildConfigurations = (
				E474749B290D8C4C006E4448 /* Debug */,
				E474749C290D8C4C006E4448 /* Release */,
			);
			defaultConfigurationIsVisible = 0;
			defaultConfigurationName = Release;
		};
		E474749D290D8C4C006E4448 /* Build configuration list for PBXNativeTarget "Test" */ = {
			isa = XCConfigurationList;
			buildConfigurations = (
				E474749E290D8C4C006E4448 /* Debug */,
				E474749F290D8C4C006E4448 /* Release */,
			);
			defaultConfigurationIsVisible = 0;
			defaultConfigurationName = Release;
		};
		E47474A0290D8C4C006E4448 /* Build configuration list for PBXNativeTarget "TestTests" */ = {
			isa = XCConfigurationList;
			buildConfigurations = (
				E47474A1290D8C4C006E4448 /* Debug */,
				E47474A2290D8C4C006E4448 /* Release */,
			);
			defaultConfigurationIsVisible = 0;
			defaultConfigurationName = Release;
		};
		E47474A3290D8C4C006E4448 /* Build configuration list for PBXNativeTarget "TestUITests" */ = {
			isa = XCConfigurationList;
			buildConfigurations = (
				E47474A4290D8C4C006E4448 /* Debug */,
				E47474A5290D8C4C006E4448 /* Release */,
			);
			defaultConfigurationIsVisible = 0;
			defaultConfigurationName = Release;
		};
/* End XCConfigurationList section */

/* Begin XCRemoteSwiftPackageReference section */
		E47474A6290D8EA7006E4448 /* XCRemoteSwiftPackageReference "SQLite" */ = {
			isa = XCRemoteSwiftPackageReference;
			repositoryURL = "https://github.com/stephencelis/SQLite.swift";
			requirement = {
				branch = master;
				kind = branch;
			};
		};
/* End XCRemoteSwiftPackageReference section */

/* Begin XCSwiftPackageProductDependency section */
		E47474A7290D8EA7006E4448 /* SQLite */ = {
			isa = XCSwiftPackageProductDependency;
			package = E47474A6290D8EA7006E4448 /* XCRemoteSwiftPackageReference "SQLite" */;
			productName = SQLite;
		};
/* End XCSwiftPackageProductDependency section */
	};
	rootObject = E4747471290D8C4B006E4448 /* Project object */;
}
